# This file is autogenerated, do not edit; changes may be undone by the next 'dep ensure'.


[[projects]]
  digest = "1:ffe9824d294da03b391f44e1ae8281281b4afc1bdaa9588c9097785e3af10cec"
  name = "github.com/davecgh/go-spew"
  packages = ["spew"]
  pruneopts = "UT"
  revision = "8991bc29aa16c548c550c7ff78260e27b9ab7c73"
  version = "v1.1.1"

[[projects]]
  digest = "1:ec6f9bf5e274c833c911923c9193867f3f18788c461f76f05f62bb1510e0ae65"
  name = "github.com/go-sql-driver/mysql"
  packages = ["."]
  pruneopts = "UT"
  revision = "72cd26f257d44c1114970e19afddcd812016007e"
  version = "v1.4.1"

[[projects]]
  digest = "1:0a69a1c0db3591fcefb47f115b224592c8dfa4368b7ba9fae509d5e16cdc95c8"
  name = "github.com/konsorten/go-windows-terminal-sequences"
  packages = ["."]
  pruneopts = "UT"
  revision = "5c8c8bd35d3832f5d134ae1e1e375b69a4d25242"
  version = "v1.0.1"

[[projects]]
  digest = "1:688475ae01f983eceee598c7706119c8cc7649f382e4a186168ea7f9d472727a"
  name = "github.com/labstack/echo"
  packages = ["."]
  pruneopts = "UT"
  revision = "6d9e043284aea2d07f5fcaf0d3a424eb7d9f6109"
  version = "v4.0.0"

[[projects]]
  digest = "1:01eb0269028d3c2e21b5b6cd9b1ba81bc4170ab293fcffa84e3aa3a6138a92e8"
  name = "github.com/labstack/gommon"
  packages = [
    "color",
    "log",
  ]
  pruneopts = "UT"
  revision = "7fd9f68ece0bcb1a905fac8f1549f0083f71c51b"
  version = "v0.2.8"

[[projects]]
  digest = "1:0f96ec4151a24d7bfd4298fc13cc320a000e31b4e5431cf88e3ffc961db846fd"
  name = "github.com/mattn/go-colorable"
  packages = ["."]
  pruneopts = "UT"
  revision = "efa589957cd060542a26d2dd7832fd6a6c6c3ade"
  version = "v0.1.0"

[[projects]]
  digest = "1:0981502f9816113c9c8c4ac301583841855c8cf4da8c72f696b3ebedf6d0e4e5"
  name = "github.com/mattn/go-isatty"
  packages = ["."]
  pruneopts = "UT"
  revision = "6ca4dbf54d38eea1a992b3c722a76a5d1c4cb25c"
  version = "v0.0.4"

[[projects]]
  digest = "1:0028cb19b2e4c3112225cd871870f2d9cf49b9b4276531f03438a88e94be86fe"
  name = "github.com/pmezard/go-difflib"
  packages = ["difflib"]
  pruneopts = "UT"
  revision = "792786c7400a136282c1664665ae0a8db921c6c2"
  version = "v1.0.0"

[[projects]]
  digest = "1:87c2e02fb01c27060ccc5ba7c5a407cc91147726f8f40b70cceeedbc52b1f3a8"
  name = "github.com/sirupsen/logrus"
  packages = ["."]
  pruneopts = "UT"
  revision = "e1e72e9de974bd926e5c56f83753fba2df402ce5"
  version = "v1.3.0"

[[projects]]
  digest = "1:972c2427413d41a1e06ca4897e8528e5a1622894050e2f527b38ddf0f343f759"
  name = "github.com/stretchr/testify"
  packages = ["assert"]
  pruneopts = "UT"
  revision = "ffdc059bfe9ce6a4e144ba849dbedead332c6053"
  version = "v1.3.0"

[[projects]]
  digest = "1:c468422f334a6b46a19448ad59aaffdfc0a36b08fdcc1c749a0b29b6453d7e59"
  name = "github.com/valyala/bytebufferpool"
  packages = ["."]
  pruneopts = "UT"
  revision = "e746df99fe4a3986f4d4f79e13c1e0117ce9c2f7"
  version = "v1.0.0"

[[projects]]
  branch = "master"
  digest = "1:268b8bce0064e8c057d7b913605459f9a26dcab864c0886a56d196540fbf003f"
  name = "github.com/valyala/fasttemplate"
  packages = ["."]
  pruneopts = "UT"
  revision = "dcecefd839c4193db0d35b88ec65b4c12d360ab0"

[[projects]]
  branch = "master"
  digest = "1:4078ffacb97ad7cd3968cc7acd20552234a8eb70cf5c84a7bc9d85bdcfc9ff3e"
  name = "golang.org/x/crypto"
  packages = [
    "acme",
    "acme/autocert",
    "ssh/terminal",
  ]
  pruneopts = "UT"
  revision = "74369b46fc6756741c016591724fd1cb8e26845f"

[[projects]]
  branch = "master"
  digest = "1:8975c6b66d95adc1cd08820aba7ad6b60b165725a401c4177c0eaa866170bb10"
  name = "golang.org/x/sys"
  packages = [
    "unix",
    "windows",
  ]
  pruneopts = "UT"
  revision = "3b5209105503162ded1863c307ac66fec31120dd"

[[projects]]
  digest = "1:c25289f43ac4a68d88b02245742347c94f1e108c534dda442188015ff80669b3"
  name = "google.golang.org/appengine"
  packages = ["cloudsql"]
  pruneopts = "UT"
  revision = "e9657d882bb81064595ca3b56cbe2546bbabf7b1"
  version = "v1.4.0"

[solve-meta]
  analyzer-name = "dep"
  analyzer-version = 1
  input-imports = [
    "github.com/go-sql-driver/mysql",
    "github.com/labstack/echo",
    "github.com/sirupsen/logrus",
    "github.com/stretchr/testify/assert",
  ]
  solver-name = "gps-cdcl"
  solver-version = 1
